
Microsoft Visual Studio Solution File, Format Version 12.00
# Visual Studio Version 17
VisualStudioVersion = 17.2.32519.379
MinimumVisualStudioVersion = 10.0.40219.1
Project("{9A19103F-16F7-4668-BE54-9A1E7A4F7556}") = "Mongo.Web", "Mongo.Web\Mongo.Web.csproj", "{F94BD622-D2A7-4C0D-9EC3-4533B574CB58}"
EndProject
Project("{2150E333-8FDC-42A3-9474-1A3956D46DE8}") = "FrontEnd", "FrontEnd", "{FAEC2EE3-2EF8-4DE5-BE2B-6285383DB7CA}"
EndProject
Project("{2150E333-8FDC-42A3-9474-1A3956D46DE8}") = "Services", "Services", "{45A74A3B-6416-4E81-ACF3-2DEFEBE6CE48}"
EndProject
Project("{FAE04EC0-301F-11D3-BF4B-00C04F79EFBC}") = "Mongo.Services.ProductAPI", "Mongo.Services.ProductAPI\Mongo.Services.ProductAPI.csproj", "{A1AD26A7-8586-4581-8AB2-749210649FA8}"
EndProject
Global
	GlobalSection(SolutionConfigurationPlatforms) = preSolution
		Debug|Any CPU = Debug|Any CPU
		Release|Any CPU = Release|Any CPU
	EndGlobalSection
	GlobalSection(ProjectConfigurationPlatforms) = postSolution
		{F94BD622-D2A7-4C0D-9EC3-4533B574CB58}.Debug|Any CPU.ActiveCfg = Debug|Any CPU
		{F94BD622-D2A7-4C0D-9EC3-4533B574CB58}.Debug|Any CPU.Build.0 = Debug|Any CPU
		{F94BD622-D2A7-4C0D-9EC3-4533B574CB58}.Release|Any CPU.ActiveCfg = Release|Any CPU
		{F94BD622-D2A7-4C0D-9EC3-4533B574CB58}.Release|Any CPU.Build.0 = Release|Any CPU
		{A1AD26A7-8586-4581-8AB2-749210649FA8}.Debug|Any CPU.ActiveCfg = Debug|Any CPU
		{A1AD26A7-8586-4581-8AB2-749210649FA8}.Debug|Any CPU.Build.0 = Debug|Any CPU
		{A1AD26A7-8586-4581-8AB2-749210649FA8}.Release|Any CPU.ActiveCfg = Release|Any CPU
		{A1AD26A7-8586-4581-8AB2-749210649FA8}.Release|Any CPU.Build.0 = Release|Any CPU
	EndGlobalSection
	GlobalSection(SolutionProperties) = preSolution
		HideSolutionNode = FALSE
	EndGlobalSection
	GlobalSection(NestedProjects) = preSolution
		{F94BD622-D2A7-4C0D-9EC3-4533B574CB58} = {FAEC2EE3-2EF8-4DE5-BE2B-6285383DB7CA}
		{A1AD26A7-8586-4581-8AB2-749210649FA8} = {45A74A3B-6416-4E81-ACF3-2DEFEBE6CE48}
	EndGlobalSection
	GlobalSection(ExtensibilityGlobals) = postSolution
		SolutionGuid = {2AC4B703-2093-4E6B-8D9F-BDAC068908CA}
	EndGlobalSection
EndGlobal
